{
  "name": "mah-buddy",
  "version": "1.0.0",
  "lockfileVersion": 3,
  "requires": true,
  "packages": {
    "": {
      "name": "mah-buddy",
      "version": "1.0.0",
      "dependencies": {
        "@ai-sdk/google": "latest",
        "@supabase/supabase-js": "latest",
        "ai": "latest",
        "next": "latest",
        "react": "latest",
        "react-dom": "latest"
      },
      "devDependencies": {
        "@types/node": "latest",
        "@types/react": "latest",
        "@types/react-dom": "latest",
        "typescript": "latest"
      }
    }
  }
}
